langcode: ja
status: true
dependencies:
  content:
    - 'block_content:basic:ceb6b542-d0c7-4a02-9ad0-7095f4adf62a'
  module:
    - block_content
  theme:
    - olivero
id: example_block
theme: olivero
region: sidebar
weight: 0
provider: null
plugin: 'block_content:ceb6b542-d0c7-4a02-9ad0-7095f4adf62a'
settings:
  id: 'block_content:ceb6b542-d0c7-4a02-9ad0-7095f4adf62a'
  label: 'Drupal 川柳'
  label_display: visible
  provider: block_content
  status: true
  info: ''
  view_mode: full
visibility: {  }
